{
  "name": "medium-stories-node",
  "lockfileVersion": 3,
  "requires": true,
  "packages": {
    "": {
      "dependencies": {
        "medium-sdk": "^0.0.4"
      }
    },
    "node_modules/medium-sdk": {
      "version": "0.0.4",
      "resolved": "https://registry.npmjs.org/medium-sdk/-/medium-sdk-0.0.4.tgz",
      "integrity": "sha512-EcKvTW1kaX3pceR4pKSXMdsuNkEYkAL5wn/yupecLZAWPhT16NTuOhfjf9GeShLPfY0eDv3SQfUg5nuxR8GO/g=="
    }
  }
}
